{
  "version": 4,
  "terraform_version": "1.8.1",
  "serial": 84,
  "lineage": "da399477-8e16-82cd-14ae-48ffcfca84c1",
  "outputs": {
    "airflow-tunnel-cmd": {
      "value": "ssh -N -f -L 8080:localhost:8080 -i ~/Downloads/kp.pem ec2-user@3.239.5.76",
      "type": "string"
    },
    "bucket_arn": {
      "value": "arn:aws:s3:::spbd-siudzinskim-tfstate",
      "type": "string"
    },
    "bucket_name": {
      "value": "spbd-siudzinskim-tfstate",
      "type": "string"
    },
    "versioning_enabled": {
      "value": "Enabled",
      "type": "string"
    },
    "vscode-tunnel-cmd": {
      "value": "ssh -N -f -L 8888:localhost:8888 -i ~/Downloads/kp.pem ec2-user@3.239.5.76",
      "type": "string"
    }
  },
  "resources": [
    {
      "mode": "data",
      "type": "aws_ami",
      "name": "amazon_linux",
      "provider": "provider[\"registry.terraform.io/hashicorp/aws\"]",
      "instances": [
        {
          "schema_version": 0,
          "attributes": {
            "architecture": "x86_64",
            "arn": "arn:aws:ec2:us-east-1::image/ami-0f561d16f3799be82",
            "block_device_mappings": [
              {
                "device_name": "/dev/xvda",
                "ebs": {
                  "delete_on_termination": "true",
                  "encrypted": "false",
                  "iops": "0",
                  "snapshot_id": "snap-07e2508d940506ea2",
                  "throughput": "0",
                  "volume_size": "8",
                  "volume_type": "gp2"
                },
                "no_device": "",
                "virtual_name": ""
              }
            ],
            "boot_mode": "",
            "creation_date": "2025-03-28T20:04:10.000Z",
            "deprecation_time": "2025-07-01T00:00:00.000Z",
            "description": "Amazon Linux 2 AMI 2.0.20250328.0 x86_64 HVM gp2",
            "ena_support": true,
            "executable_users": null,
            "filter": [
              {
                "name": "name",
                "values": [
                  "amzn2-ami-hvm-*-x86_64-gp2"
                ]
              },
              {
                "name": "virtualization-type",
                "values": [
                  "hvm"
                ]
              }
            ],
            "hypervisor": "xen",
            "id": "ami-0f561d16f3799be82",
            "image_id": "ami-0f561d16f3799be82",
            "image_location": "amazon/amzn2-ami-hvm-2.0.20250328.0-x86_64-gp2",
            "image_owner_alias": "amazon",
            "image_type": "machine",
            "imds_support": "",
            "include_deprecated": false,
            "kernel_id": "",
            "most_recent": true,
            "name": "amzn2-ami-hvm-2.0.20250328.0-x86_64-gp2",
            "name_regex": null,
            "owner_id": "137112412989",
            "owners": [
              "amazon"
            ],
            "platform": "",
            "platform_details": "Linux/UNIX",
            "product_codes": [],
            "public": true,
            "ramdisk_id": "",
            "root_device_name": "/dev/xvda",
            "root_device_type": "ebs",
            "root_snapshot_id": "snap-07e2508d940506ea2",
            "sriov_net_support": "simple",
            "state": "available",
            "state_reason": {
              "code": "UNSET",
              "message": "UNSET"
            },
            "tags": {},
            "timeouts": null,
            "tpm_support": "",
            "uefi_data": null,
            "usage_operation": "RunInstances",
            "virtualization_type": "hvm"
          },
          "sensitive_attributes": []
        }
      ]
    },
    {
      "mode": "data",
      "type": "aws_s3_bucket",
      "name": "my_bucket",
      "provider": "provider[\"registry.terraform.io/hashicorp/aws\"]",
      "instances": [
        {
          "schema_version": 0,
          "attributes": {
            "arn": "arn:aws:s3:::spbd-siudzinskim-tfstate",
            "bucket": "spbd-siudzinskim-tfstate",
            "bucket_domain_name": "spbd-siudzinskim-tfstate.s3.amazonaws.com",
            "bucket_regional_domain_name": "spbd-siudzinskim-tfstate.s3.us-east-1.amazonaws.com",
            "hosted_zone_id": "Z3AQBSTGFYJSTF",
            "id": "spbd-siudzinskim-tfstate",
            "region": "us-east-1",
            "website_domain": null,
            "website_endpoint": null
          },
          "sensitive_attributes": []
        }
      ]
    },
    {
      "mode": "managed",
      "type": "aws_ebs_volume",
      "name": "example",
      "provider": "provider[\"registry.terraform.io/hashicorp/aws\"]",
      "instances": [
        {
          "schema_version": 0,
          "attributes": {
            "arn": "arn:aws:ec2:us-east-1:365153683633:volume/vol-0bc4cc8ec2446cb00",
            "availability_zone": "us-east-1f",
            "create_time": "2025-03-13T11:43:50Z",
            "encrypted": false,
            "final_snapshot": false,
            "id": "vol-0bc4cc8ec2446cb00",
            "iops": 100,
            "kms_key_id": "",
            "multi_attach_enabled": false,
            "outpost_arn": "",
            "size": 10,
            "snapshot_id": "",
            "tags": {
              "Name": "lab-volume"
            },
            "tags_all": {
              "Name": "lab-volume"
            },
            "throughput": 0,
            "timeouts": null,
            "type": "gp2"
          },
          "sensitive_attributes": [],
          "private": "eyJlMmJmYjczMC1lY2FhLTExZTYtOGY4OC0zNDM2M2JjN2M0YzAiOnsiY3JlYXRlIjozMDAwMDAwMDAwMDAsImRlbGV0ZSI6NjAwMDAwMDAwMDAwLCJ1cGRhdGUiOjMwMDAwMDAwMDAwMH19",
          "dependencies": [
            "aws_subnet.public",
            "aws_vpc.main"
          ]
        }
      ]
    },
    {
      "mode": "managed",
      "type": "aws_instance",
      "name": "lab_instance",
      "provider": "provider[\"registry.terraform.io/hashicorp/aws\"]",
      "instances": [
        {
          "schema_version": 1,
          "attributes": {
            "ami": "ami-0f561d16f3799be82",
            "arn": "arn:aws:ec2:us-east-1:365153683633:instance/i-07873b8c603d7d7c5",
            "associate_public_ip_address": true,
            "availability_zone": "us-east-1f",
            "capacity_reservation_specification": [
              {
                "capacity_reservation_preference": "open",
                "capacity_reservation_target": []
              }
            ],
            "cpu_core_count": 1,
            "cpu_options": [
              {
                "amd_sev_snp": "",
                "core_count": 1,
                "threads_per_core": 2
              }
            ],
            "cpu_threads_per_core": 2,
            "credit_specification": [
              {
                "cpu_credits": "standard"
              }
            ],
            "disable_api_stop": false,
            "disable_api_termination": false,
            "ebs_block_device": [
              {
                "delete_on_termination": false,
                "device_name": "/dev/sdh",
                "encrypted": false,
                "iops": 100,
                "kms_key_id": "",
                "snapshot_id": "",
                "tags": {
                  "Name": "lab-volume"
                },
                "tags_all": {
                  "Name": "lab-volume"
                },
                "throughput": 0,
                "volume_id": "vol-0bc4cc8ec2446cb00",
                "volume_size": 10,
                "volume_type": "gp2"
              }
            ],
            "ebs_optimized": false,
            "enable_primary_ipv6": null,
            "enclave_options": [
              {
                "enabled": false
              }
            ],
            "ephemeral_block_device": [],
            "get_password_data": false,
            "hibernation": false,
            "host_id": "",
            "host_resource_group_arn": null,
            "iam_instance_profile": "",
            "id": "i-07873b8c603d7d7c5",
            "instance_initiated_shutdown_behavior": "stop",
            "instance_lifecycle": "",
            "instance_market_options": [],
            "instance_state": "running",
            "instance_type": "t3.micro",
            "ipv6_address_count": 0,
            "ipv6_addresses": [],
            "key_name": "kp",
            "launch_template": [],
            "maintenance_options": [
              {
                "auto_recovery": "default"
              }
            ],
            "metadata_options": [
              {
                "http_endpoint": "enabled",
                "http_protocol_ipv6": "disabled",
                "http_put_response_hop_limit": 1,
                "http_tokens": "optional",
                "instance_metadata_tags": "disabled"
              }
            ],
            "monitoring": false,
            "network_interface": [],
            "outpost_arn": "",
            "password_data": "",
            "placement_group": "",
            "placement_partition_number": 0,
            "primary_network_interface_id": "eni-09429a6bcde0f61ea",
            "private_dns": "ip-10-0-1-252.ec2.internal",
            "private_dns_name_options": [
              {
                "enable_resource_name_dns_a_record": false,
                "enable_resource_name_dns_aaaa_record": false,
                "hostname_type": "ip-name"
              }
            ],
            "private_ip": "10.0.1.252",
            "public_dns": "",
            "public_ip": "3.239.5.76",
            "root_block_device": [
              {
                "delete_on_termination": true,
                "device_name": "/dev/xvda",
                "encrypted": false,
                "iops": 100,
                "kms_key_id": "",
                "tags": {},
                "tags_all": {},
                "throughput": 0,
                "volume_id": "vol-01ee6d85ccbdf73e4",
                "volume_size": 8,
                "volume_type": "gp2"
              }
            ],
            "secondary_private_ips": [],
            "security_groups": [],
            "source_dest_check": true,
            "spot_instance_request_id": "",
            "subnet_id": "subnet-056ab1134c45ab0ef",
            "tags": {
              "Name": "lab-ec2"
            },
            "tags_all": {
              "Name": "lab-ec2"
            },
            "tenancy": "default",
            "timeouts": null,
            "user_data": null,
            "user_data_base64": "IyEvYmluL2Jhc2gKCmVjaG8gIlN0YXJ0aW5nIHN0YXJ0dXAgc2NyaXB0Li4uIiA+PiAvdG1wL3N0YXJ0dXAubG9nIDI+JjEKZGF0ZSA+PiAvdG1wL2xhYi1zdGFydHVwLmxvZwoKZWNobyAiV2FpdGluZyBmb3IgL2Rldi9zZGggdG8gYmUgYXZhaWxhYmxlLi4uIiA+PiAvdG1wL3N0YXJ0dXAubG9nIDI+JjEKd2hpbGUgWyAhIC1iIC9kZXYvc2RoIF07IGRvCiAgZWNobyAiICAvZGV2L3NkaCBub3QgZm91bmQsIHdhaXRpbmcuLi4iID4+IC90bXAvc3RhcnR1cC5sb2cgMj4mMQogIHNsZWVwIDUKZG9uZQplY2hvICIvZGV2L3NkaCBpcyBub3cgYXZhaWxhYmxlLiIgPj4gL3RtcC9zdGFydHVwLmxvZyAyPiYxCgojIE1vdW50IHRoZSB2b2x1bWUKZWNobyAiTW91bnRpbmcgL2Rldi9zZGgxIHRvIC9tbnQvZGF0YS4uLiIgPj4gL3RtcC9zdGFydHVwLmxvZwptb3VudCAvZGV2L3NkaDEgL21udC9kYXRhID4+IC90bXAvc3RhcnR1cC5sb2cgMj4mMQoKIyBDaGVjayBpZiB0aGUgdm9sdW1lIGlzIGFscmVhZHkgZm9ybWF0dGVkIGFuZCBtb3VudGVkCmlmICEgbHNibGsgLW8gTU9VTlRQT0lOVCB8IGdyZXAgL21udC9kYXRhOyB0aGVuCiAgZWNobyAiVm9sdW1lIG5vdCBtb3VudGVkLCBwcm9jZWVkaW5nIHdpdGggZm9ybWF0dGluZyBhbmQgbW91bnRpbmcuLi4iID4+IC90bXAvc3RhcnR1cC5sb2cKCiAgIyBGb3JtYXQgdGhlIHZvbHVtZSAoaWYgbm90IGFscmVhZHkgZm9ybWF0dGVkKQogIGlmICEgYmxraWQgL2Rldi9zZGg7IHRoZW4KICAgIGVjaG8gIkZvcm1hdHRpbmcgL2Rldi9zZGggd2l0aCBleHQ0Li4uIiA+PiAvdG1wL3N0YXJ0dXAubG9nIDI+JjEKICAgIGVjaG8gJ3N0YXJ0PTIwNDgsIHR5cGU9ODMnIHwgc2ZkaXNrIC9kZXYvc2RoID4+IC90bXAvc3RhcnR1cC5sb2cgMj4mMQogICAgbWtmcy5leHQ0IC9kZXYvc2RoMSA+PiAvdG1wL3N0YXJ0dXAubG9nIDI+JjEKICBlbHNlCiAgICBlY2hvICIvZGV2L3NkaCBhbHJlYWR5IGZvcm1hdHRlZC4iID4+IC90bXAvc3RhcnR1cC5sb2cKICBmaQoKICAjIENyZWF0ZSB0aGUgbW91bnQgcG9pbnQgZGlyZWN0b3J5CiAgbWtkaXIgLXAgL21udC9kYXRhID4+IC90bXAvc3RhcnR1cC5sb2cgMj4mMQoKICAjIE1vdW50IHRoZSB2b2x1bWUKICBlY2hvICJNb3VudGluZyAvZGV2L3NkaDEgdG8gL21udC9kYXRhLi4uIiA+PiAvdG1wL3N0YXJ0dXAubG9nCiAgbW91bnQgL2Rldi9zZGgxIC9tbnQvZGF0YSA+PiAvdG1wL3N0YXJ0dXAubG9nIDI+JjEKCiAgIyBBZGQgYW4gZW50cnkgdG8gL2V0Yy9mc3RhYiB0byBtb3VudCB0aGUgdm9sdW1lIG9uIGJvb3QKICBlY2hvICIvZGV2L3NkaDEgL21udC9kYXRhIGV4dDQgZGVmYXVsdHMgMCAwIiA+PiAvZXRjL2ZzdGFiCgogIGVjaG8gIlZvbHVtZSBtb3VudGVkIHN1Y2Nlc3NmdWxseS4iID4+IC90bXAvc3RhcnR1cC5sb2cKZWxzZQogIGVjaG8gIlZvbHVtZSBhbHJlYWR5IG1vdW50ZWQgYXQgL21udC9kYXRhLiIgPj4gL3RtcC9zdGFydHVwLmxvZwpmaQpta2RpciAtcCAvbW50L2RhdGEvbG9nL2luc3RhbGwKY2htb2QgLVIgNzc3IC9tbnQvZGF0YQptdiAvdG1wL3N0YXJ0dXAubG9nIC9tbnQvZGF0YS9sb2cvaW5zdGFsbC8KCgojIEluc3RhbGwgZWMyLWluc3RhbmNlLWNvbm5lY3QKZWNobyAiSW5zdGFsbGluZyBlYzItaW5zdGFuY2UtY29ubmVjdC4uLiIgPj4gL21udC9kYXRhL2xvZy9sYWItc3RhcnR1cC5sb2cKeXVtIGluc3RhbGwgLXkgZWMyLWluc3RhbmNlLWNvbm5lY3QKZWNobyAiZWMyLWluc3RhbmNlLWNvbm5lY3QgaW5zdGFsbGVkLiIgPj4gL21udC9kYXRhL2xvZy9sYWItc3RhcnR1cC5sb2cKCiMgSW5zdGFsbCBEb2NrZXIKZWNobyAiSW5zdGFsbGluZyBEb2NrZXIuLi4iID4+IC9tbnQvZGF0YS9sb2cvbGFiLXN0YXJ0dXAubG9nCnl1bSB1cGRhdGUgLXkKeXVtIGluc3RhbGwgLXkgZG9ja2VyCmVjaG8gIkRvY2tlciBpbnN0YWxsZWQuIiA+PiAvbW50L2RhdGEvbG9nL2xhYi1zdGFydHVwLmxvZwoKIyBTdGFydCBhbmQgZW5hYmxlIERvY2tlciBzZXJ2aWNlCmVjaG8gIlN0YXJ0aW5nIERvY2tlciBzZXJ2aWNlLi4uIiA+PiAvbW50L2RhdGEvbG9nL2xhYi1zdGFydHVwLmxvZwpzeXN0ZW1jdGwgc3RhcnQgZG9ja2VyCmVjaG8gIkVuYWJsaW5nIERvY2tlciBzZXJ2aWNlLi4uIiA+PiAvbW50L2RhdGEvbG9nL2xhYi1zdGFydHVwLmxvZwpzeXN0ZW1jdGwgZW5hYmxlIGRvY2tlcgplY2hvICJEb2NrZXIgc2VydmljZSBzdGFydGVkIGFuZCBlbmFibGVkLiIgPj4gL21udC9kYXRhL2xvZy9sYWItc3RhcnR1cC5sb2cKCiMgQWRkIGVjMi11c2VyIHRvIHRoZSBkb2NrZXIgZ3JvdXAKZWNobyAiQWRkaW5nIGVjMi11c2VyIHRvIHRoZSBkb2NrZXIgZ3JvdXAuLi4iID4+IC9tbnQvZGF0YS9sb2cvbGFiLXN0YXJ0dXAubG9nCnVzZXJtb2QgLWEgLUcgZG9ja2VyIGVjMi11c2VyCmVjaG8gImVjMi11c2VyIGFkZGVkIHRvIHRoZSBkb2NrZXIgZ3JvdXAuIiA+PiAvbW50L2RhdGEvbG9nL2xhYi1zdGFydHVwLmxvZwoKZWNobyAiU3RhcnR1cCBzY3JpcHQgY29tcGxldGVkLiIgPj4gL21udC9kYXRhL2xvZy9sYWItc3RhcnR1cC5sb2cKZGF0ZSA+PiAvbW50L2RhdGEvbG9nL2xhYi1zdGFydHVwLmxvZwoKZG9ja2VyIHB1bGwgc2l1ZHppbnNraW0vdnNjb2RlLWRidApkb2NrZXIgcnVuIC1kICAtcCA4ODg4Ojg0NDMgLXAgODA4MDo4MDgwIC12IC9tbnQvZGF0YS92c2NvZGU6L2NvbmZpZyAtLW5hbWUgdnMgc2l1ZHppbnNraW0vdnNjb2RlLWRidAooY3JvbnRhYiAtbCA7IGVjaG8gIkByZWJvb3QgL3Vzci9iaW4vZG9ja2VyIHN0YXJ0IHZzIikgfCBjcm9udGFiIC0K",
            "user_data_replace_on_change": false,
            "volume_tags": null,
            "vpc_security_group_ids": [
              "sg-0c4b8f5b199ceb2fb"
            ]
          },
          "sensitive_attributes": [],
          "private": "eyJlMmJmYjczMC1lY2FhLTExZTYtOGY4OC0zNDM2M2JjN2M0YzAiOnsiY3JlYXRlIjo2MDAwMDAwMDAwMDAsImRlbGV0ZSI6MTIwMDAwMDAwMDAwMCwicmVhZCI6OTAwMDAwMDAwMDAwLCJ1cGRhdGUiOjYwMDAwMDAwMDAwMH0sInNjaGVtYV92ZXJzaW9uIjoiMSJ9",
          "dependencies": [
            "aws_security_group.allow_ssh",
            "aws_subnet.public",
            "aws_vpc.main",
            "data.aws_ami.amazon_linux"
          ]
        }
      ]
    },
    {
      "mode": "managed",
      "type": "aws_internet_gateway",
      "name": "gw",
      "provider": "provider[\"registry.terraform.io/hashicorp/aws\"]",
      "instances": [
        {
          "schema_version": 0,
          "attributes": {
            "arn": "arn:aws:ec2:us-east-1:365153683633:internet-gateway/igw-03f82f4cd6cc9ad8c",
            "id": "igw-03f82f4cd6cc9ad8c",
            "owner_id": "365153683633",
            "tags": {
              "Name": "lab-igw"
            },
            "tags_all": {
              "Name": "lab-igw"
            },
            "timeouts": null,
            "vpc_id": "vpc-09c02b771ecd94073"
          },
          "sensitive_attributes": [],
          "private": "eyJlMmJmYjczMC1lY2FhLTExZTYtOGY4OC0zNDM2M2JjN2M0YzAiOnsiY3JlYXRlIjoxMjAwMDAwMDAwMDAwLCJkZWxldGUiOjEyMDAwMDAwMDAwMDAsInVwZGF0ZSI6MTIwMDAwMDAwMDAwMH19",
          "dependencies": [
            "aws_vpc.main"
          ]
        }
      ]
    },
    {
      "mode": "managed",
      "type": "aws_route_table",
      "name": "public_route_table",
      "provider": "provider[\"registry.terraform.io/hashicorp/aws\"]",
      "instances": [
        {
          "schema_version": 0,
          "attributes": {
            "arn": "arn:aws:ec2:us-east-1:365153683633:route-table/rtb-0a23db0a5f1cded62",
            "id": "rtb-0a23db0a5f1cded62",
            "owner_id": "365153683633",
            "propagating_vgws": [],
            "route": [
              {
                "carrier_gateway_id": "",
                "cidr_block": "0.0.0.0/0",
                "core_network_arn": "",
                "destination_prefix_list_id": "",
                "egress_only_gateway_id": "",
                "gateway_id": "igw-03f82f4cd6cc9ad8c",
                "ipv6_cidr_block": "",
                "local_gateway_id": "",
                "nat_gateway_id": "",
                "network_interface_id": "",
                "transit_gateway_id": "",
                "vpc_endpoint_id": "",
                "vpc_peering_connection_id": ""
              }
            ],
            "tags": {
              "Name": "lab-rtb"
            },
            "tags_all": {
              "Name": "lab-rtb"
            },
            "timeouts": null,
            "vpc_id": "vpc-09c02b771ecd94073"
          },
          "sensitive_attributes": [],
          "private": "eyJlMmJmYjczMC1lY2FhLTExZTYtOGY4OC0zNDM2M2JjN2M0YzAiOnsiY3JlYXRlIjozMDAwMDAwMDAwMDAsImRlbGV0ZSI6MzAwMDAwMDAwMDAwLCJ1cGRhdGUiOjEyMDAwMDAwMDAwMH19",
          "dependencies": [
            "aws_internet_gateway.gw",
            "aws_vpc.main"
          ]
        }
      ]
    },
    {
      "mode": "managed",
      "type": "aws_route_table_association",
      "name": "public_route_table_association",
      "provider": "provider[\"registry.terraform.io/hashicorp/aws\"]",
      "instances": [
        {
          "schema_version": 0,
          "attributes": {
            "gateway_id": "",
            "id": "rtbassoc-093a7f1df09fe81c4",
            "route_table_id": "rtb-0a23db0a5f1cded62",
            "subnet_id": "subnet-056ab1134c45ab0ef",
            "timeouts": null
          },
          "sensitive_attributes": [],
          "private": "eyJlMmJmYjczMC1lY2FhLTExZTYtOGY4OC0zNDM2M2JjN2M0YzAiOnsiY3JlYXRlIjozMDAwMDAwMDAwMDAsImRlbGV0ZSI6MzAwMDAwMDAwMDAwLCJ1cGRhdGUiOjEyMDAwMDAwMDAwMH19",
          "dependencies": [
            "aws_internet_gateway.gw",
            "aws_route_table.public_route_table",
            "aws_subnet.public",
            "aws_vpc.main"
          ]
        }
      ]
    },
    {
      "mode": "managed",
      "type": "aws_s3_bucket",
      "name": "public_bucket",
      "provider": "provider[\"registry.terraform.io/hashicorp/aws\"]",
      "instances": [
        {
          "schema_version": 0,
          "attributes": {
            "acceleration_status": "",
            "acl": "public-read",
            "arn": "arn:aws:s3:::spdb-siudzinskim-public",
            "bucket": "spdb-siudzinskim-public",
            "bucket_domain_name": "spdb-siudzinskim-public.s3.amazonaws.com",
            "bucket_prefix": "",
            "bucket_regional_domain_name": "spdb-siudzinskim-public.s3.us-east-1.amazonaws.com",
            "cors_rule": [],
            "force_destroy": false,
            "grant": [
              {
                "id": "10f8fbc895c0bf78991f2f5a0a888954383b4f5572ede4c2eb804ca483d930e3",
                "permissions": [
                  "FULL_CONTROL"
                ],
                "type": "CanonicalUser",
                "uri": ""
              }
            ],
            "hosted_zone_id": "Z3AQBSTGFYJSTF",
            "id": "spdb-siudzinskim-public",
            "lifecycle_rule": [],
            "logging": [],
            "object_lock_configuration": [],
            "object_lock_enabled": false,
            "policy": "",
            "region": "us-east-1",
            "replication_configuration": [],
            "request_payer": "BucketOwner",
            "server_side_encryption_configuration": [
              {
                "rule": [
                  {
                    "apply_server_side_encryption_by_default": [
                      {
                        "kms_master_key_id": "",
                        "sse_algorithm": "AES256"
                      }
                    ],
                    "bucket_key_enabled": false
                  }
                ]
              }
            ],
            "tags": {},
            "tags_all": {},
            "timeouts": null,
            "versioning": [
              {
                "enabled": false,
                "mfa_delete": false
              }
            ],
            "website": [],
            "website_domain": null,
            "website_endpoint": null
          },
          "sensitive_attributes": [],
          "private": "eyJlMmJmYjczMC1lY2FhLTExZTYtOGY4OC0zNDM2M2JjN2M0YzAiOnsiY3JlYXRlIjoxMjAwMDAwMDAwMDAwLCJkZWxldGUiOjM2MDAwMDAwMDAwMDAsInJlYWQiOjEyMDAwMDAwMDAwMDAsInVwZGF0ZSI6MTIwMDAwMDAwMDAwMH19"
        }
      ]
    },
    {
      "mode": "managed",
      "type": "aws_s3_bucket_versioning",
      "name": "tfstate-bucket-versioning",
      "provider": "provider[\"registry.terraform.io/hashicorp/aws\"]",
      "instances": [
        {
          "schema_version": 0,
          "attributes": {
            "bucket": "spbd-siudzinskim-tfstate",
            "expected_bucket_owner": "",
            "id": "spbd-siudzinskim-tfstate",
            "mfa": null,
            "versioning_configuration": [
              {
                "mfa_delete": "",
                "status": "Enabled"
              }
            ]
          },
          "sensitive_attributes": [],
          "private": "bnVsbA==",
          "dependencies": [
            "data.aws_s3_bucket.my_bucket"
          ]
        }
      ]
    },
    {
      "mode": "managed",
      "type": "aws_security_group",
      "name": "allow_ssh",
      "provider": "provider[\"registry.terraform.io/hashicorp/aws\"]",
      "instances": [
        {
          "schema_version": 1,
          "attributes": {
            "arn": "arn:aws:ec2:us-east-1:365153683633:security-group/sg-0c4b8f5b199ceb2fb",
            "description": "Allow SSH inbound traffic",
            "egress": [
              {
                "cidr_blocks": [
                  "0.0.0.0/0"
                ],
                "description": "",
                "from_port": 0,
                "ipv6_cidr_blocks": [],
                "prefix_list_ids": [],
                "protocol": "-1",
                "security_groups": [],
                "self": false,
                "to_port": 0
              }
            ],
            "id": "sg-0c4b8f5b199ceb2fb",
            "ingress": [
              {
                "cidr_blocks": [
                  "0.0.0.0/0"
                ],
                "description": "",
                "from_port": 22,
                "ipv6_cidr_blocks": [],
                "prefix_list_ids": [],
                "protocol": "tcp",
                "security_groups": [],
                "self": false,
                "to_port": 22
              }
            ],
            "name": "allow_ssh",
            "name_prefix": "",
            "owner_id": "365153683633",
            "revoke_rules_on_delete": false,
            "tags": {
              "Name": "allow_ssh"
            },
            "tags_all": {
              "Name": "allow_ssh"
            },
            "timeouts": null,
            "vpc_id": "vpc-09c02b771ecd94073"
          },
          "sensitive_attributes": [],
          "private": "eyJlMmJmYjczMC1lY2FhLTExZTYtOGY4OC0zNDM2M2JjN2M0YzAiOnsiY3JlYXRlIjo2MDAwMDAwMDAwMDAsImRlbGV0ZSI6OTAwMDAwMDAwMDAwfSwic2NoZW1hX3ZlcnNpb24iOiIxIn0=",
          "dependencies": [
            "aws_vpc.main"
          ]
        }
      ]
    },
    {
      "mode": "managed",
      "type": "aws_subnet",
      "name": "public",
      "provider": "provider[\"registry.terraform.io/hashicorp/aws\"]",
      "instances": [
        {
          "schema_version": 1,
          "attributes": {
            "arn": "arn:aws:ec2:us-east-1:365153683633:subnet/subnet-056ab1134c45ab0ef",
            "assign_ipv6_address_on_creation": false,
            "availability_zone": "us-east-1f",
            "availability_zone_id": "use1-az5",
            "cidr_block": "10.0.1.0/24",
            "customer_owned_ipv4_pool": "",
            "enable_dns64": false,
            "enable_lni_at_device_index": 0,
            "enable_resource_name_dns_a_record_on_launch": false,
            "enable_resource_name_dns_aaaa_record_on_launch": false,
            "id": "subnet-056ab1134c45ab0ef",
            "ipv6_cidr_block": "",
            "ipv6_cidr_block_association_id": "",
            "ipv6_native": false,
            "map_customer_owned_ip_on_launch": false,
            "map_public_ip_on_launch": false,
            "outpost_arn": "",
            "owner_id": "365153683633",
            "private_dns_hostname_type_on_launch": "ip-name",
            "tags": {
              "Name": "lab-subnet"
            },
            "tags_all": {
              "Name": "lab-subnet"
            },
            "timeouts": null,
            "vpc_id": "vpc-09c02b771ecd94073"
          },
          "sensitive_attributes": [],
          "private": "eyJlMmJmYjczMC1lY2FhLTExZTYtOGY4OC0zNDM2M2JjN2M0YzAiOnsiY3JlYXRlIjo2MDAwMDAwMDAwMDAsImRlbGV0ZSI6MTIwMDAwMDAwMDAwMH0sInNjaGVtYV92ZXJzaW9uIjoiMSJ9",
          "dependencies": [
            "aws_vpc.main"
          ]
        }
      ]
    },
    {
      "mode": "managed",
      "type": "aws_volume_attachment",
      "name": "ebs_att",
      "provider": "provider[\"registry.terraform.io/hashicorp/aws\"]",
      "instances": [
        {
          "schema_version": 0,
          "attributes": {
            "device_name": "/dev/sdh",
            "force_detach": null,
            "id": "vai-13370684",
            "instance_id": "i-07873b8c603d7d7c5",
            "skip_destroy": null,
            "stop_instance_before_detaching": true,
            "timeouts": null,
            "volume_id": "vol-0bc4cc8ec2446cb00"
          },
          "sensitive_attributes": [],
          "private": "eyJlMmJmYjczMC1lY2FhLTExZTYtOGY4OC0zNDM2M2JjN2M0YzAiOnsiY3JlYXRlIjozMDAwMDAwMDAwMDAsImRlbGV0ZSI6MzAwMDAwMDAwMDAwfX0=",
          "dependencies": [
            "aws_ebs_volume.example",
            "aws_instance.lab_instance",
            "aws_security_group.allow_ssh",
            "aws_subnet.public",
            "aws_vpc.main",
            "data.aws_ami.amazon_linux"
          ]
        }
      ]
    },
    {
      "mode": "managed",
      "type": "aws_vpc",
      "name": "main",
      "provider": "provider[\"registry.terraform.io/hashicorp/aws\"]",
      "instances": [
        {
          "schema_version": 1,
          "attributes": {
            "arn": "arn:aws:ec2:us-east-1:365153683633:vpc/vpc-09c02b771ecd94073",
            "assign_generated_ipv6_cidr_block": false,
            "cidr_block": "10.0.0.0/16",
            "default_network_acl_id": "acl-0f98ce90040e0a051",
            "default_route_table_id": "rtb-081e8ed4b9cc700a5",
            "default_security_group_id": "sg-0e364467eb1c11625",
            "dhcp_options_id": "dopt-02b638b1ae672dc56",
            "enable_dns_hostnames": false,
            "enable_dns_support": true,
            "enable_network_address_usage_metrics": false,
            "id": "vpc-09c02b771ecd94073",
            "instance_tenancy": "default",
            "ipv4_ipam_pool_id": null,
            "ipv4_netmask_length": null,
            "ipv6_association_id": "",
            "ipv6_cidr_block": "",
            "ipv6_cidr_block_network_border_group": "",
            "ipv6_ipam_pool_id": "",
            "ipv6_netmask_length": 0,
            "main_route_table_id": "rtb-081e8ed4b9cc700a5",
            "owner_id": "365153683633",
            "tags": {
              "Name": "lab-vpc"
            },
            "tags_all": {
              "Name": "lab-vpc"
            }
          },
          "sensitive_attributes": [],
          "private": "eyJzY2hlbWFfdmVyc2lvbiI6IjEifQ=="
        }
      ]
    }
  ],
  "check_results": null
}
